DEPENDENCIES
  myhaproxy
    path: .
    metadata: true

GRAPH
  build-essential (8.1.1)
    mingw (>= 1.1)
    seven_zip (>= 0.0.0)
  cpu (2.0.0)
  haproxy (3.0.4)
    build-essential (>= 0.0.0)
    cpu (>= 0.2.0)
    poise-service (>= 0.0.0)
  mingw (2.0.2)
    seven_zip (>= 0.0.0)
  myhaproxy (0.1.1)
    haproxy (~> 3.0.0)
  poise (2.8.1)
  poise-service (1.5.2)
    poise (~> 2.0)
  seven_zip (2.0.2)
    windows (>= 1.2.2)
  windows (4.1.3)
